// !$*UTF8*$!
{
	archiveVersion = 1;
	classes = {
	};
	objectVersion = 55;
	objects = {

/* Begin PBXBuildFile section */
		4E478B36770DB633BC8E195E /* Pods_MovieList.framework in Frameworks */ = {isa = PBXBuildFile; fileRef = FC7B089CB772A93CC496D620 /* Pods_MovieList.framework */; };
		6B241246286D833E00C94606 /* Bundle+Helper.swift in Sources */ = {isa = PBXBuildFile; fileRef = 6B241245286D833E00C94606 /* Bundle+Helper.swift */; };
		6B241248286D908C00C94606 /* ActorTableViewCell.xib in Resources */ = {isa = PBXBuildFile; fileRef = 6B241247286D908C00C94606 /* ActorTableViewCell.xib */; };
		6B24124A286D942100C94606 /* InfoCell.xib in Resources */ = {isa = PBXBuildFile; fileRef = 6B241249286D942100C94606 /* InfoCell.xib */; };
		6B24124C286D946200C94606 /* FilmographyCell.xib in Resources */ = {isa = PBXBuildFile; fileRef = 6B24124B286D946200C94606 /* FilmographyCell.xib */; };
		6B24124E286DA49200C94606 /* MovieDetailsViewController.xib in Resources */ = {isa = PBXBuildFile; fileRef = 6B24124D286DA49200C94606 /* MovieDetailsViewController.xib */; };
		6B241250286DA93200C94606 /* PhotosViewController.xib in Resources */ = {isa = PBXBuildFile; fileRef = 6B24124F286DA93200C94606 /* PhotosViewController.xib */; };
		6B241252286DB80700C94606 /* ActorListViewController.xib in Resources */ = {isa = PBXBuildFile; fileRef = 6B241251286DB80700C94606 /* ActorListViewController.xib */; };
		6B241254286DB9FE00C94606 /* ActorDetailsViewController.xib in Resources */ = {isa = PBXBuildFile; fileRef = 6B241253286DB9FE00C94606 /* ActorDetailsViewController.xib */; };
		6B6D4DC8286C354100C85391 /* AppDelegate.swift in Sources */ = {isa = PBXBuildFile; fileRef = 6B6D4DC7286C354100C85391 /* AppDelegate.swift */; };
		6B6D4DCA286C354100C85391 /* SceneDelegate.swift in Sources */ = {isa = PBXBuildFile; fileRef = 6B6D4DC9286C354100C85391 /* SceneDelegate.swift */; };
		6B6D4DCC286C354100C85391 /* ViewController.swift in Sources */ = {isa = PBXBuildFile; fileRef = 6B6D4DCB286C354100C85391 /* ViewController.swift */; };
		6B6D4DD1286C354200C85391 /* Assets.xcassets in Resources */ = {isa = PBXBuildFile; fileRef = 6B6D4DD0286C354200C85391 /* Assets.xcassets */; };
		6B6D4DD4286C354200C85391 /* LaunchScreen.storyboard in Resources */ = {isa = PBXBuildFile; fileRef = 6B6D4DD2286C354200C85391 /* LaunchScreen.storyboard */; };
		6B6D4DE6286C36E400C85391 /* MoviesListHeaderView.swift in Sources */ = {isa = PBXBuildFile; fileRef = 6B6D4DE0286C36E400C85391 /* MoviesListHeaderView.swift */; };
		6B6D4DE7286C36E400C85391 /* MoviesListHeaderView.xib in Resources */ = {isa = PBXBuildFile; fileRef = 6B6D4DE1286C36E400C85391 /* MoviesListHeaderView.xib */; };
		6B6D4DE8286C36E400C85391 /* MoviesListViewController.swift in Sources */ = {isa = PBXBuildFile; fileRef = 6B6D4DE2286C36E400C85391 /* MoviesListViewController.swift */; };
		6B6D4DE9286C36E400C85391 /* MovieList.swift in Sources */ = {isa = PBXBuildFile; fileRef = 6B6D4DE3286C36E400C85391 /* MovieList.swift */; };
		6B6D4DEA286C36E400C85391 /* MoviesListCollectionViewHeader.swift in Sources */ = {isa = PBXBuildFile; fileRef = 6B6D4DE4286C36E400C85391 /* MoviesListCollectionViewHeader.swift */; };
		6B6D4DEB286C36E400C85391 /* Movies.storyboard in Resources */ = {isa = PBXBuildFile; fileRef = 6B6D4DE5286C36E400C85391 /* Movies.storyboard */; };
		6B6D4DEF286C36F100C85391 /* MoviesListHeaderCell.swift in Sources */ = {isa = PBXBuildFile; fileRef = 6B6D4DEC286C36F000C85391 /* MoviesListHeaderCell.swift */; };
		6B6D4DF0286C36F100C85391 /* MoviesListHeaderCell.xib in Resources */ = {isa = PBXBuildFile; fileRef = 6B6D4DED286C36F100C85391 /* MoviesListHeaderCell.xib */; };
		6B6D4DF1286C36F100C85391 /* MoviesListCell.swift in Sources */ = {isa = PBXBuildFile; fileRef = 6B6D4DEE286C36F100C85391 /* MoviesListCell.swift */; };
		6B6D4DF7286C37AA00C85391 /* MovieDetailsViewController.swift in Sources */ = {isa = PBXBuildFile; fileRef = 6B6D4DF6286C37AA00C85391 /* MovieDetailsViewController.swift */; };
		6B6D4E03286C37F400C85391 /* ShowtimesView.swift in Sources */ = {isa = PBXBuildFile; fileRef = 6B6D4DFC286C37F400C85391 /* ShowtimesView.swift */; };
		6B6D4E04286C37F400C85391 /* MovieShowtimesContainer.swift in Sources */ = {isa = PBXBuildFile; fileRef = 6B6D4DFD286C37F400C85391 /* MovieShowtimesContainer.swift */; };
		6B6D4E05286C37F400C85391 /* ShowtimesView.xib in Resources */ = {isa = PBXBuildFile; fileRef = 6B6D4DFE286C37F400C85391 /* ShowtimesView.xib */; };
		6B6D4E06286C37F400C85391 /* DetailsView.swift in Sources */ = {isa = PBXBuildFile; fileRef = 6B6D4DFF286C37F400C85391 /* DetailsView.swift */; };
		6B6D4E07286C37F400C85391 /* ContentModeSelectButton.swift in Sources */ = {isa = PBXBuildFile; fileRef = 6B6D4E00286C37F400C85391 /* ContentModeSelectButton.swift */; };
		6B6D4E08286C37F400C85391 /* MovieDetailsContainer.swift in Sources */ = {isa = PBXBuildFile; fileRef = 6B6D4E01286C37F400C85391 /* MovieDetailsContainer.swift */; };
		6B6D4E09286C37F400C85391 /* DetailsView.xib in Resources */ = {isa = PBXBuildFile; fileRef = 6B6D4E02286C37F400C85391 /* DetailsView.xib */; };
		6B6D4E11286C381800C85391 /* PhotosViewController.swift in Sources */ = {isa = PBXBuildFile; fileRef = 6B6D4E0A286C381800C85391 /* PhotosViewController.swift */; };
		6B6D4E12286C381800C85391 /* Actors.storyboard in Resources */ = {isa = PBXBuildFile; fileRef = 6B6D4E0B286C381800C85391 /* Actors.storyboard */; };
		6B6D4E13286C381800C85391 /* ActorInfoCell.swift in Sources */ = {isa = PBXBuildFile; fileRef = 6B6D4E0C286C381800C85391 /* ActorInfoCell.swift */; };
		6B6D4E14286C381800C85391 /* ActorDetailsViewController.swift in Sources */ = {isa = PBXBuildFile; fileRef = 6B6D4E0D286C381800C85391 /* ActorDetailsViewController.swift */; };
		6B6D4E15286C381800C85391 /* FilmographyCell.swift in Sources */ = {isa = PBXBuildFile; fileRef = 6B6D4E0E286C381800C85391 /* FilmographyCell.swift */; };
		6B6D4E16286C381800C85391 /* ActorTableViewCell.swift in Sources */ = {isa = PBXBuildFile; fileRef = 6B6D4E0F286C381800C85391 /* ActorTableViewCell.swift */; };
		6B6D4E17286C381800C85391 /* ActorListViewController.swift in Sources */ = {isa = PBXBuildFile; fileRef = 6B6D4E10286C381800C85391 /* ActorListViewController.swift */; };
		6B6D4E1B286C382100C85391 /* MovieDetailsProtocol.swift in Sources */ = {isa = PBXBuildFile; fileRef = 6B6D4E18286C382100C85391 /* MovieDetailsProtocol.swift */; };
		6B6D4E1C286C382100C85391 /* MovieAnimator.swift in Sources */ = {isa = PBXBuildFile; fileRef = 6B6D4E19286C382100C85391 /* MovieAnimator.swift */; };
		6B6D4E1D286C382100C85391 /* DismissHandler.swift in Sources */ = {isa = PBXBuildFile; fileRef = 6B6D4E1A286C382100C85391 /* DismissHandler.swift */; };
		6B6D4E2A286C384100C85391 /* PhotoCell.xib in Resources */ = {isa = PBXBuildFile; fileRef = 6B6D4E1E286C384100C85391 /* PhotoCell.xib */; };
		6B6D4E2B286C384100C85391 /* CalendarItemCollectionViewCell.xib in Resources */ = {isa = PBXBuildFile; fileRef = 6B6D4E1F286C384100C85391 /* CalendarItemCollectionViewCell.xib */; };
		6B6D4E2C286C384100C85391 /* ActorCell.xib in Resources */ = {isa = PBXBuildFile; fileRef = 6B6D4E20286C384100C85391 /* ActorCell.xib */; };
		6B6D4E2D286C384100C85391 /* TrailerCell.xib in Resources */ = {isa = PBXBuildFile; fileRef = 6B6D4E21286C384100C85391 /* TrailerCell.xib */; };
		6B6D4E2E286C384100C85391 /* PhotoCell.swift in Sources */ = {isa = PBXBuildFile; fileRef = 6B6D4E22286C384100C85391 /* PhotoCell.swift */; };
		6B6D4E2F286C384100C85391 /* ActorCell.swift in Sources */ = {isa = PBXBuildFile; fileRef = 6B6D4E23286C384100C85391 /* ActorCell.swift */; };
		6B6D4E30286C384100C85391 /* CalendarItemCollectionViewCell.swift in Sources */ = {isa = PBXBuildFile; fileRef = 6B6D4E24286C384100C85391 /* CalendarItemCollectionViewCell.swift */; };
		6B6D4E31286C384100C85391 /* SheduleCollectionViewCell.xib in Resources */ = {isa = PBXBuildFile; fileRef = 6B6D4E25286C384100C85391 /* SheduleCollectionViewCell.xib */; };
		6B6D4E32286C384100C85391 /* TrailerCell.swift in Sources */ = {isa = PBXBuildFile; fileRef = 6B6D4E26286C384100C85391 /* TrailerCell.swift */; };
		6B6D4E33286C384100C85391 /* MovieSheduleCell.swift in Sources */ = {isa = PBXBuildFile; fileRef = 6B6D4E27286C384100C85391 /* MovieSheduleCell.swift */; };
		6B6D4E34286C384100C85391 /* MovieSheduleCell.xib in Resources */ = {isa = PBXBuildFile; fileRef = 6B6D4E28286C384100C85391 /* MovieSheduleCell.xib */; };
		6B6D4E35286C384100C85391 /* SheduleCollectionViewCell.swift in Sources */ = {isa = PBXBuildFile; fileRef = 6B6D4E29286C384100C85391 /* SheduleCollectionViewCell.swift */; };
		6B6D4E3F286C389400C85391 /* CardTransition.swift in Sources */ = {isa = PBXBuildFile; fileRef = 6B6D4E38286C389400C85391 /* CardTransition.swift */; };
		6B6D4E40286C389400C85391 /* TransitionConstants.swift in Sources */ = {isa = PBXBuildFile; fileRef = 6B6D4E39286C389400C85391 /* TransitionConstants.swift */; };
		6B6D4E41286C389400C85391 /* CardPresentationController.swift in Sources */ = {isa = PBXBuildFile; fileRef = 6B6D4E3A286C389400C85391 /* CardPresentationController.swift */; };
		6B6D4E42286C389400C85391 /* PresentCardAnimator.swift in Sources */ = {isa = PBXBuildFile; fileRef = 6B6D4E3B286C389400C85391 /* PresentCardAnimator.swift */; };
		6B6D4E43286C389400C85391 /* NibLoadable.swift in Sources */ = {isa = PBXBuildFile; fileRef = 6B6D4E3C286C389400C85391 /* NibLoadable.swift */; };
		6B6D4E44286C389400C85391 /* UIView+AutoLayout.swift in Sources */ = {isa = PBXBuildFile; fileRef = 6B6D4E3D286C389400C85391 /* UIView+AutoLayout.swift */; };
		6B6D4E45286C389400C85391 /* DismissCardAnimator.swift in Sources */ = {isa = PBXBuildFile; fileRef = 6B6D4E3E286C389400C85391 /* DismissCardAnimator.swift */; };
		6B6D4E48286C389E00C85391 /* CardContentView.swift in Sources */ = {isa = PBXBuildFile; fileRef = 6B6D4E46286C389E00C85391 /* CardContentView.swift */; };
		6B6D4E49286C389E00C85391 /* CardContentView.xib in Resources */ = {isa = PBXBuildFile; fileRef = 6B6D4E47286C389E00C85391 /* CardContentView.xib */; };
		6B6D4E4D286C3BD300C85391 /* CinemaAssets.xcassets in Resources */ = {isa = PBXBuildFile; fileRef = 6B6D4E4C286C3BD300C85391 /* CinemaAssets.xcassets */; };
		6B6D4E51286C3D6200C85391 /* UIImage+Bundle.swift in Sources */ = {isa = PBXBuildFile; fileRef = 6B6D4E4F286C3D6200C85391 /* UIImage+Bundle.swift */; };
		6B6D4E52286C3D6200C85391 /* UIColor+Bundle.swift in Sources */ = {isa = PBXBuildFile; fileRef = 6B6D4E50286C3D6200C85391 /* UIColor+Bundle.swift */; };
		6B6D4E54286C3D7600C85391 /* FontsLoader.swift in Sources */ = {isa = PBXBuildFile; fileRef = 6B6D4E53286C3D7600C85391 /* FontsLoader.swift */; };
		6B6D4E56286C3DD600C85391 /* CinemaStyleSheet.swift in Sources */ = {isa = PBXBuildFile; fileRef = 6B6D4E55286C3DD600C85391 /* CinemaStyleSheet.swift */; };
		6B6D4E5C286C3EF600C85391 /* Poppins-Light.ttf in Resources */ = {isa = PBXBuildFile; fileRef = 6B6D4E57286C3EF600C85391 /* Poppins-Light.ttf */; };
		6B6D4E5D286C3EF600C85391 /* Poppins-SemiBold.ttf in Resources */ = {isa = PBXBuildFile; fileRef = 6B6D4E58286C3EF600C85391 /* Poppins-SemiBold.ttf */; };
		6B6D4E5E286C3EF600C85391 /* Poppins-Regular.ttf in Resources */ = {isa = PBXBuildFile; fileRef = 6B6D4E59286C3EF600C85391 /* Poppins-Regular.ttf */; };
		6B6D4E5F286C3EF600C85391 /* Poppins-Medium.ttf in Resources */ = {isa = PBXBuildFile; fileRef = 6B6D4E5A286C3EF600C85391 /* Poppins-Medium.ttf */; };
		6B6D4E60286C3EF600C85391 /* Poppins-Bold.ttf in Resources */ = {isa = PBXBuildFile; fileRef = 6B6D4E5B286C3EF600C85391 /* Poppins-Bold.ttf */; };
		6B6D4E64286C440400C85391 /* StateAlphaButton.swift in Sources */ = {isa = PBXBuildFile; fileRef = 6B6D4E63286C440400C85391 /* StateAlphaButton.swift */; };
		6B6D4E66286C511B00C85391 /* UIImage+blur.swift in Sources */ = {isa = PBXBuildFile; fileRef = 6B6D4E65286C511B00C85391 /* UIImage+blur.swift */; };
		6B6D4E68286C591700C85391 /* UnwrapResource.swift in Sources */ = {isa = PBXBuildFile; fileRef = 6B6D4E67286C591700C85391 /* UnwrapResource.swift */; };
		6B6D4E6A286C5BC700C85391 /* MoviesListCell.xib in Resources */ = {isa = PBXBuildFile; fileRef = 6B6D4E69286C5BC700C85391 /* MoviesListCell.xib */; };
/* End PBXBuildFile section */

/* Begin PBXFileReference section */
		387E0527BEF1E1C253037C55 /* Pods-MovieList.debug.xcconfig */ = {isa = PBXFileReference; includeInIndex = 1; lastKnownFileType = text.xcconfig; name = "Pods-MovieList.debug.xcconfig"; path = "Target Support Files/Pods-MovieList/Pods-MovieList.debug.xcconfig"; sourceTree = "<group>"; };
		6B241245286D833E00C94606 /* Bundle+Helper.swift */ = {isa = PBXFileReference; lastKnownFileType = sourcecode.swift; path = "Bundle+Helper.swift"; sourceTree = "<group>"; };
		6B241247286D908C00C94606 /* ActorTableViewCell.xib */ = {isa = PBXFileReference; lastKnownFileType = file.xib; path = ActorTableViewCell.xib; sourceTree = "<group>"; };
		6B241249286D942100C94606 /* InfoCell.xib */ = {isa = PBXFileReference; lastKnownFileType = file.xib; path = InfoCell.xib; sourceTree = "<group>"; };
		6B24124B286D946200C94606 /* FilmographyCell.xib */ = {isa = PBXFileReference; lastKnownFileType = file.xib; path = FilmographyCell.xib; sourceTree = "<group>"; };
		6B24124D286DA49200C94606 /* MovieDetailsViewController.xib */ = {isa = PBXFileReference; lastKnownFileType = file.xib; path = MovieDetailsViewController.xib; sourceTree = "<group>"; };
		6B24124F286DA93200C94606 /* PhotosViewController.xib */ = {isa = PBXFileReference; lastKnownFileType = file.xib; path = PhotosViewController.xib; sourceTree = "<group>"; };
		6B241251286DB80700C94606 /* ActorListViewController.xib */ = {isa = PBXFileReference; lastKnownFileType = file.xib; path = ActorListViewController.xib; sourceTree = "<group>"; };
		6B241253286DB9FE00C94606 /* ActorDetailsViewController.xib */ = {isa = PBXFileReference; lastKnownFileType = file.xib; path = ActorDetailsViewController.xib; sourceTree = "<group>"; };
		6B6D4DC4286C354100C85391 /* MovieList.app */ = {isa = PBXFileReference; explicitFileType = wrapper.application; includeInIndex = 0; path = MovieList.app; sourceTree = BUILT_PRODUCTS_DIR; };
		6B6D4DC7286C354100C85391 /* AppDelegate.swift */ = {isa = PBXFileReference; lastKnownFileType = sourcecode.swift; path = AppDelegate.swift; sourceTree = "<group>"; };
		6B6D4DC9286C354100C85391 /* SceneDelegate.swift */ = {isa = PBXFileReference; lastKnownFileType = sourcecode.swift; path = SceneDelegate.swift; sourceTree = "<group>"; };
		6B6D4DCB286C354100C85391 /* ViewController.swift */ = {isa = PBXFileReference; lastKnownFileType = sourcecode.swift; path = ViewController.swift; sourceTree = "<group>"; };
		6B6D4DD0286C354200C85391 /* Assets.xcassets */ = {isa = PBXFileReference; lastKnownFileType = folder.assetcatalog; path = Assets.xcassets; sourceTree = "<group>"; };
		6B6D4DD3286C354200C85391 /* Base */ = {isa = PBXFileReference; lastKnownFileType = file.storyboard; name = Base; path = Base.lproj/LaunchScreen.storyboard; sourceTree = "<group>"; };
		6B6D4DD5286C354200C85391 /* Info.plist */ = {isa = PBXFileReference; lastKnownFileType = text.plist.xml; path = Info.plist; sourceTree = "<group>"; };
		6B6D4DE0286C36E400C85391 /* MoviesListHeaderView.swift */ = {isa = PBXFileReference; fileEncoding = 4; lastKnownFileType = sourcecode.swift; path = MoviesListHeaderView.swift; sourceTree = "<group>"; };
		6B6D4DE1286C36E400C85391 /* MoviesListHeaderView.xib */ = {isa = PBXFileReference; fileEncoding = 4; lastKnownFileType = file.xib; path = MoviesListHeaderView.xib; sourceTree = "<group>"; };
		6B6D4DE2286C36E400C85391 /* MoviesListViewController.swift */ = {isa = PBXFileReference; fileEncoding = 4; lastKnownFileType = sourcecode.swift; path = MoviesListViewController.swift; sourceTree = "<group>"; };
		6B6D4DE3286C36E400C85391 /* MovieList.swift */ = {isa = PBXFileReference; fileEncoding = 4; lastKnownFileType = sourcecode.swift; path = MovieList.swift; sourceTree = "<group>"; };
		6B6D4DE4286C36E400C85391 /* MoviesListCollectionViewHeader.swift */ = {isa = PBXFileReference; fileEncoding = 4; lastKnownFileType = sourcecode.swift; path = MoviesListCollectionViewHeader.swift; sourceTree = "<group>"; };
		6B6D4DE5286C36E400C85391 /* Movies.storyboard */ = {isa = PBXFileReference; fileEncoding = 4; lastKnownFileType = file.storyboard; path = Movies.storyboard; sourceTree = "<group>"; };
		6B6D4DEC286C36F000C85391 /* MoviesListHeaderCell.swift */ = {isa = PBXFileReference; fileEncoding = 4; lastKnownFileType = sourcecode.swift; path = MoviesListHeaderCell.swift; sourceTree = "<group>"; };
		6B6D4DED286C36F100C85391 /* MoviesListHeaderCell.xib */ = {isa = PBXFileReference; fileEncoding = 4; lastKnownFileType = file.xib; path = MoviesListHeaderCell.xib; sourceTree = "<group>"; };
		6B6D4DEE286C36F100C85391 /* MoviesListCell.swift */ = {isa = PBXFileReference; fileEncoding = 4; lastKnownFileType = sourcecode.swift; path = MoviesListCell.swift; sourceTree = "<group>"; };
		6B6D4DF6286C37AA00C85391 /* MovieDetailsViewController.swift */ = {isa = PBXFileReference; fileEncoding = 4; lastKnownFileType = sourcecode.swift; path = MovieDetailsViewController.swift; sourceTree = "<group>"; };
		6B6D4DFC286C37F400C85391 /* ShowtimesView.swift */ = {isa = PBXFileReference; fileEncoding = 4; lastKnownFileType = sourcecode.swift; path = ShowtimesView.swift; sourceTree = "<group>"; };
		6B6D4DFD286C37F400C85391 /* MovieShowtimesContainer.swift */ = {isa = PBXFileReference; fileEncoding = 4; lastKnownFileType = sourcecode.swift; path = MovieShowtimesContainer.swift; sourceTree = "<group>"; };
		6B6D4DFE286C37F400C85391 /* ShowtimesView.xib */ = {isa = PBXFileReference; fileEncoding = 4; lastKnownFileType = file.xib; path = ShowtimesView.xib; sourceTree = "<group>"; };
		6B6D4DFF286C37F400C85391 /* DetailsView.swift */ = {isa = PBXFileReference; fileEncoding = 4; lastKnownFileType = sourcecode.swift; path = DetailsView.swift; sourceTree = "<group>"; };
		6B6D4E00286C37F400C85391 /* ContentModeSelectButton.swift */ = {isa = PBXFileReference; fileEncoding = 4; lastKnownFileType = sourcecode.swift; path = ContentModeSelectButton.swift; sourceTree = "<group>"; };
		6B6D4E01286C37F400C85391 /* MovieDetailsContainer.swift */ = {isa = PBXFileReference; fileEncoding = 4; lastKnownFileType = sourcecode.swift; path = MovieDetailsContainer.swift; sourceTree = "<group>"; };
		6B6D4E02286C37F400C85391 /* DetailsView.xib */ = {isa = PBXFileReference; fileEncoding = 4; lastKnownFileType = file.xib; path = DetailsView.xib; sourceTree = "<group>"; };
		6B6D4E0A286C381800C85391 /* PhotosViewController.swift */ = {isa = PBXFileReference; fileEncoding = 4; lastKnownFileType = sourcecode.swift; path = PhotosViewController.swift; sourceTree = "<group>"; };
		6B6D4E0B286C381800C85391 /* Actors.storyboard */ = {isa = PBXFileReference; fileEncoding = 4; lastKnownFileType = file.storyboard; path = Actors.storyboard; sourceTree = "<group>"; };
		6B6D4E0C286C381800C85391 /* ActorInfoCell.swift */ = {isa = PBXFileReference; fileEncoding = 4; lastKnownFileType = sourcecode.swift; path = ActorInfoCell.swift; sourceTree = "<group>"; };
		6B6D4E0D286C381800C85391 /* ActorDetailsViewController.swift */ = {isa = PBXFileReference; fileEncoding = 4; lastKnownFileType = sourcecode.swift; path = ActorDetailsViewController.swift; sourceTree = "<group>"; };
		6B6D4E0E286C381800C85391 /* FilmographyCell.swift */ = {isa = PBXFileReference; fileEncoding = 4; lastKnownFileType = sourcecode.swift; path = FilmographyCell.swift; sourceTree = "<group>"; };
		6B6D4E0F286C381800C85391 /* ActorTableViewCell.swift */ = {isa = PBXFileReference; fileEncoding = 4; lastKnownFileType = sourcecode.swift; path = ActorTableViewCell.swift; sourceTree = "<group>"; };
		6B6D4E10286C381800C85391 /* ActorListViewController.swift */ = {isa = PBXFileReference; fileEncoding = 4; lastKnownFileType = sourcecode.swift; path = ActorListViewController.swift; sourceTree = "<group>"; };
		6B6D4E18286C382100C85391 /* MovieDetailsProtocol.swift */ = {isa = PBXFileReference; fileEncoding = 4; lastKnownFileType = sourcecode.swift; path = MovieDetailsProtocol.swift; sourceTree = "<group>"; };
		6B6D4E19286C382100C85391 /* MovieAnimator.swift */ = {isa = PBXFileReference; fileEncoding = 4; lastKnownFileType = sourcecode.swift; path = MovieAnimator.swift; sourceTree = "<group>"; };
		6B6D4E1A286C382100C85391 /* DismissHandler.swift */ = {isa = PBXFileReference; fileEncoding = 4; lastKnownFileType = sourcecode.swift; path = DismissHandler.swift; sourceTree = "<group>"; };
		6B6D4E1E286C384100C85391 /* PhotoCell.xib */ = {isa = PBXFileReference; fileEncoding = 4; lastKnownFileType = file.xib; path = PhotoCell.xib; sourceTree = "<group>"; };
		6B6D4E1F286C384100C85391 /* CalendarItemCollectionViewCell.xib */ = {isa = PBXFileReference; fileEncoding = 4; lastKnownFileType = file.xib; path = CalendarItemCollectionViewCell.xib; sourceTree = "<group>"; };
		6B6D4E20286C384100C85391 /* ActorCell.xib */ = {isa = PBXFileReference; fileEncoding = 4; lastKnownFileType = file.xib; path = ActorCell.xib; sourceTree = "<group>"; };
		6B6D4E21286C384100C85391 /* TrailerCell.xib */ = {isa = PBXFileReference; fileEncoding = 4; lastKnownFileType = file.xib; path = TrailerCell.xib; sourceTree = "<group>"; };
		6B6D4E22286C384100C85391 /* PhotoCell.swift */ = {isa = PBXFileReference; fileEncoding = 4; lastKnownFileType = sourcecode.swift; path = PhotoCell.swift; sourceTree = "<group>"; };
		6B6D4E23286C384100C85391 /* ActorCell.swift */ = {isa = PBXFileReference; fileEncoding = 4; lastKnownFileType = sourcecode.swift; path = ActorCell.swift; sourceTree = "<group>"; };
		6B6D4E24286C384100C85391 /* CalendarItemCollectionViewCell.swift */ = {isa = PBXFileReference; fileEncoding = 4; lastKnownFileType = sourcecode.swift; path = CalendarItemCollectionViewCell.swift; sourceTree = "<group>"; };
		6B6D4E25286C384100C85391 /* SheduleCollectionViewCell.xib */ = {isa = PBXFileReference; fileEncoding = 4; lastKnownFileType = file.xib; path = SheduleCollectionViewCell.xib; sourceTree = "<group>"; };
		6B6D4E26286C384100C85391 /* TrailerCell.swift */ = {isa = PBXFileReference; fileEncoding = 4; lastKnownFileType = sourcecode.swift; path = TrailerCell.swift; sourceTree = "<group>"; };
		6B6D4E27286C384100C85391 /* MovieSheduleCell.swift */ = {isa = PBXFileReference; fileEncoding = 4; lastKnownFileType = sourcecode.swift; path = MovieSheduleCell.swift; sourceTree = "<group>"; };
		6B6D4E28286C384100C85391 /* MovieSheduleCell.xib */ = {isa = PBXFileReference; fileEncoding = 4; lastKnownFileType = file.xib; path = MovieSheduleCell.xib; sourceTree = "<group>"; };
		6B6D4E29286C384100C85391 /* SheduleCollectionViewCell.swift */ = {isa = PBXFileReference; fileEncoding = 4; lastKnownFileType = sourcecode.swift; path = SheduleCollectionViewCell.swift; sourceTree = "<group>"; };
		6B6D4E38286C389400C85391 /* CardTransition.swift */ = {isa = PBXFileReference; fileEncoding = 4; lastKnownFileType = sourcecode.swift; path = CardTransition.swift; sourceTree = "<group>"; };
		6B6D4E39286C389400C85391 /* TransitionConstants.swift */ = {isa = PBXFileReference; fileEncoding = 4; lastKnownFileType = sourcecode.swift; path = TransitionConstants.swift; sourceTree = "<group>"; };
		6B6D4E3A286C389400C85391 /* CardPresentationController.swift */ = {isa = PBXFileReference; fileEncoding = 4; lastKnownFileType = sourcecode.swift; path = CardPresentationController.swift; sourceTree = "<group>"; };
		6B6D4E3B286C389400C85391 /* PresentCardAnimator.swift */ = {isa = PBXFileReference; fileEncoding = 4; lastKnownFileType = sourcecode.swift; path = PresentCardAnimator.swift; sourceTree = "<group>"; };
		6B6D4E3C286C389400C85391 /* NibLoadable.swift */ = {isa = PBXFileReference; fileEncoding = 4; lastKnownFileType = sourcecode.swift; path = NibLoadable.swift; sourceTree = "<group>"; };
		6B6D4E3D286C389400C85391 /* UIView+AutoLayout.swift */ = {isa = PBXFileReference; fileEncoding = 4; lastKnownFileType = sourcecode.swift; path = "UIView+AutoLayout.swift"; sourceTree = "<group>"; };
		6B6D4E3E286C389400C85391 /* DismissCardAnimator.swift */ = {isa = PBXFileReference; fileEncoding = 4; lastKnownFileType = sourcecode.swift; path = DismissCardAnimator.swift; sourceTree = "<group>"; };
		6B6D4E46286C389E00C85391 /* CardContentView.swift */ = {isa = PBXFileReference; fileEncoding = 4; lastKnownFileType = sourcecode.swift; path = CardContentView.swift; sourceTree = "<group>"; };
		6B6D4E47286C389E00C85391 /* CardContentView.xib */ = {isa = PBXFileReference; fileEncoding = 4; lastKnownFileType = file.xib; path = CardContentView.xib; sourceTree = "<group>"; };
		6B6D4E4C286C3BD300C85391 /* CinemaAssets.xcassets */ = {isa = PBXFileReference; lastKnownFileType = folder.assetcatalog; path = CinemaAssets.xcassets; sourceTree = "<group>"; };
		6B6D4E4F286C3D6200C85391 /* UIImage+Bundle.swift */ = {isa = PBXFileReference; fileEncoding = 4; lastKnownFileType = sourcecode.swift; path = "UIImage+Bundle.swift"; sourceTree = "<group>"; };
		6B6D4E50286C3D6200C85391 /* UIColor+Bundle.swift */ = {isa = PBXFileReference; fileEncoding = 4; lastKnownFileType = sourcecode.swift; path = "UIColor+Bundle.swift"; sourceTree = "<group>"; };
		6B6D4E53286C3D7600C85391 /* FontsLoader.swift */ = {isa = PBXFileReference; fileEncoding = 4; lastKnownFileType = sourcecode.swift; path = FontsLoader.swift; sourceTree = "<group>"; };
		6B6D4E55286C3DD600C85391 /* CinemaStyleSheet.swift */ = {isa = PBXFileReference; fileEncoding = 4; lastKnownFileType = sourcecode.swift; path = CinemaStyleSheet.swift; sourceTree = "<group>"; };
		6B6D4E57286C3EF600C85391 /* Poppins-Light.ttf */ = {isa = PBXFileReference; lastKnownFileType = file; path = "Poppins-Light.ttf"; sourceTree = "<group>"; };
		6B6D4E58286C3EF600C85391 /* Poppins-SemiBold.ttf */ = {isa = PBXFileReference; lastKnownFileType = file; path = "Poppins-SemiBold.ttf"; sourceTree = "<group>"; };
		6B6D4E59286C3EF600C85391 /* Poppins-Regular.ttf */ = {isa = PBXFileReference; lastKnownFileType = file; path = "Poppins-Regular.ttf"; sourceTree = "<group>"; };
		6B6D4E5A286C3EF600C85391 /* Poppins-Medium.ttf */ = {isa = PBXFileReference; lastKnownFileType = file; path = "Poppins-Medium.ttf"; sourceTree = "<group>"; };
		6B6D4E5B286C3EF600C85391 /* Poppins-Bold.ttf */ = {isa = PBXFileReference; lastKnownFileType = file; path = "Poppins-Bold.ttf"; sourceTree = "<group>"; };
		6B6D4E63286C440400C85391 /* StateAlphaButton.swift */ = {isa = PBXFileReference; fileEncoding = 4; lastKnownFileType = sourcecode.swift; path = StateAlphaButton.swift; sourceTree = "<group>"; };
		6B6D4E65286C511B00C85391 /* UIImage+blur.swift */ = {isa = PBXFileReference; fileEncoding = 4; lastKnownFileType = sourcecode.swift; path = "UIImage+blur.swift"; sourceTree = "<group>"; };
		6B6D4E67286C591700C85391 /* UnwrapResource.swift */ = {isa = PBXFileReference; lastKnownFileType = sourcecode.swift; path = UnwrapResource.swift; sourceTree = "<group>"; };
		6B6D4E69286C5BC700C85391 /* MoviesListCell.xib */ = {isa = PBXFileReference; lastKnownFileType = file.xib; path = MoviesListCell.xib; sourceTree = "<group>"; };
		955055084E9B84320634BF5F /* Pods-MovieList.release.xcconfig */ = {isa = PBXFileReference; includeInIndex = 1; lastKnownFileType = text.xcconfig; name = "Pods-MovieList.release.xcconfig"; path = "Target Support Files/Pods-MovieList/Pods-MovieList.release.xcconfig"; sourceTree = "<group>"; };
		FC7B089CB772A93CC496D620 /* Pods_MovieList.framework */ = {isa = PBXFileReference; explicitFileType = wrapper.framework; includeInIndex = 0; path = Pods_MovieList.framework; sourceTree = BUILT_PRODUCTS_DIR; };
/* End PBXFileReference section */

/* Begin PBXFrameworksBuildPhase section */
		6B6D4DC1286C354100C85391 /* Frameworks */ = {
			isa = PBXFrameworksBuildPhase;
			buildActionMask = 2147483647;
			files = (
				4E478B36770DB633BC8E195E /* Pods_MovieList.framework in Frameworks */,
			);
			runOnlyForDeploymentPostprocessing = 0;
		};
/* End PBXFrameworksBuildPhase section */

/* Begin PBXGroup section */
		5DD4D808868A0B6FBD88E3CD /* Frameworks */ = {
			isa = PBXGroup;
			children = (
				FC7B089CB772A93CC496D620 /* Pods_MovieList.framework */,
			);
			name = Frameworks;
			sourceTree = "<group>";
		};
		6B241255286DBE8400C94606 /* Cells */ = {
			isa = PBXGroup;
			children = (
				6B6D4E20286C384100C85391 /* ActorCell.xib */,
				6B241247286D908C00C94606 /* ActorTableViewCell.xib */,
				6B6D4E1F286C384100C85391 /* CalendarItemCollectionViewCell.xib */,
				6B24124B286D946200C94606 /* FilmographyCell.xib */,
				6B241249286D942100C94606 /* InfoCell.xib */,
				6B6D4E28286C384100C85391 /* MovieSheduleCell.xib */,
				6B6D4E69286C5BC700C85391 /* MoviesListCell.xib */,
				6B6D4DED286C36F100C85391 /* MoviesListHeaderCell.xib */,
				6B6D4E1E286C384100C85391 /* PhotoCell.xib */,
				6B6D4E25286C384100C85391 /* SheduleCollectionViewCell.xib */,
				6B6D4E21286C384100C85391 /* TrailerCell.xib */,
			);
			path = Cells;
			sourceTree = "<group>";
		};
		6B241256286DBE9700C94606 /* Controllers */ = {
			isa = PBXGroup;
			children = (
				6B241253286DB9FE00C94606 /* ActorDetailsViewController.xib */,
				6B241251286DB80700C94606 /* ActorListViewController.xib */,
				6B24124D286DA49200C94606 /* MovieDetailsViewController.xib */,
				6B24124F286DA93200C94606 /* PhotosViewController.xib */,
			);
			path = Controllers;
			sourceTree = "<group>";
		};
		6B241257286DBEB000C94606 /* Views */ = {
			isa = PBXGroup;
			children = (
				6B6D4E47286C389E00C85391 /* CardContentView.xib */,
				6B6D4E02286C37F400C85391 /* DetailsView.xib */,
				6B6D4DE1286C36E400C85391 /* MoviesListHeaderView.xib */,
				6B6D4DFE286C37F400C85391 /* ShowtimesView.xib */,
			);
			path = Views;
			sourceTree = "<group>";
		};
		6B6D4DBB286C354100C85391 = {
			isa = PBXGroup;
			children = (
				6B6D4DDB286C354900C85391 /* MovieListControl */,
				6B6D4DC6286C354100C85391 /* MovieListDemo */,
				6B6D4DC5286C354100C85391 /* Products */,
				EC6A5D4B9C88F7395502EB1C /* Pods */,
				5DD4D808868A0B6FBD88E3CD /* Frameworks */,
			);
			sourceTree = "<group>";
		};
		6B6D4DC5286C354100C85391 /* Products */ = {
			isa = PBXGroup;
			children = (
				6B6D4DC4286C354100C85391 /* MovieList.app */,
			);
			name = Products;
			sourceTree = "<group>";
		};
		6B6D4DC6286C354100C85391 /* MovieListDemo */ = {
			isa = PBXGroup;
			children = (
				6B6D4DC7286C354100C85391 /* AppDelegate.swift */,
				6B6D4DC9286C354100C85391 /* SceneDelegate.swift */,
				6B6D4DCB286C354100C85391 /* ViewController.swift */,
				6B6D4DDC286C35A300C85391 /* Resources */,
			);
			path = MovieListDemo;
			sourceTree = "<group>";
		};
		6B6D4DDB286C354900C85391 /* MovieListControl */ = {
			isa = PBXGroup;
			children = (
				6B6D4DDE286C360800C85391 /* Source */,
				6B6D4DDF286C360E00C85391 /* Resources */,
			);
			path = MovieListControl;
			sourceTree = "<group>";
		};
		6B6D4DDC286C35A300C85391 /* Resources */ = {
			isa = PBXGroup;
			children = (
				6B6D4DD5286C354200C85391 /* Info.plist */,
				6B6D4DD0286C354200C85391 /* Assets.xcassets */,
				6B6D4DDD286C35C100C85391 /* UI */,
			);
			path = Resources;
			sourceTree = "<group>";
		};
		6B6D4DDD286C35C100C85391 /* UI */ = {
			isa = PBXGroup;
			children = (
				6B6D4DE5286C36E400C85391 /* Movies.storyboard */,
				6B6D4DD2286C354200C85391 /* LaunchScreen.storyboard */,
				6B6D4E0B286C381800C85391 /* Actors.storyboard */,
			);
			path = UI;
			sourceTree = "<group>";
		};
		6B6D4DDE286C360800C85391 /* Source */ = {
			isa = PBXGroup;
			children = (
				6B6D4E55286C3DD600C85391 /* CinemaStyleSheet.swift */,
				6B6D4E53286C3D7600C85391 /* FontsLoader.swift */,
				6B6D4E67286C591700C85391 /* UnwrapResource.swift */,
				6B6D4DF5286C378700C85391 /* AppStoreTransition */,
				6B6D4E62286C43FB00C85391 /* Controls */,
				6B6D4E4E286C3D3F00C85391 /* Extensions */,
				6B6D4DF3286C375800C85391 /* MovieListController */,
				6B6D4DF4286C377500C85391 /* MoviesDetailsController */,
			);
			path = Source;
			sourceTree = "<group>";
		};
		6B6D4DDF286C360E00C85391 /* Resources */ = {
			isa = PBXGroup;
			children = (
				6B6D4E4C286C3BD300C85391 /* CinemaAssets.xcassets */,
				6B241255286DBE8400C94606 /* Cells */,
				6B241256286DBE9700C94606 /* Controllers */,
				6B6D4E61286C3EFC00C85391 /* Fonts */,
				6B241257286DBEB000C94606 /* Views */,
			);
			path = Resources;
			sourceTree = "<group>";
		};
		6B6D4DF2286C36F600C85391 /* Cells */ = {
			isa = PBXGroup;
			children = (
				6B6D4DEE286C36F100C85391 /* MoviesListCell.swift */,
				6B6D4DEC286C36F000C85391 /* MoviesListHeaderCell.swift */,
			);
			path = Cells;
			sourceTree = "<group>";
		};
		6B6D4DF3286C375800C85391 /* MovieListController */ = {
			isa = PBXGroup;
			children = (
				6B6D4DE3286C36E400C85391 /* MovieList.swift */,
				6B6D4DE4286C36E400C85391 /* MoviesListCollectionViewHeader.swift */,
				6B6D4DE0286C36E400C85391 /* MoviesListHeaderView.swift */,
				6B6D4DE2286C36E400C85391 /* MoviesListViewController.swift */,
				6B6D4DF2286C36F600C85391 /* Cells */,
			);
			path = MovieListController;
			sourceTree = "<group>";
		};
		6B6D4DF4286C377500C85391 /* MoviesDetailsController */ = {
			isa = PBXGroup;
			children = (
				6B6D4DF6286C37AA00C85391 /* MovieDetailsViewController.swift */,
				6B6D4DF8286C37B300C85391 /* DetailContainer */,
			);
			path = MoviesDetailsController;
			sourceTree = "<group>";
		};
		6B6D4DF5286C378700C85391 /* AppStoreTransition */ = {
			isa = PBXGroup;
			children = (
				6B6D4E36286C387800C85391 /* Transition */,
				6B6D4E37286C388400C85391 /* Views */,
			);
			path = AppStoreTransition;
			sourceTree = "<group>";
		};
		6B6D4DF8286C37B300C85391 /* DetailContainer */ = {
			isa = PBXGroup;
			children = (
				6B6D4E00286C37F400C85391 /* ContentModeSelectButton.swift */,
				6B6D4DFF286C37F400C85391 /* DetailsView.swift */,
				6B6D4E01286C37F400C85391 /* MovieDetailsContainer.swift */,
				6B6D4DFD286C37F400C85391 /* MovieShowtimesContainer.swift */,
				6B6D4DFC286C37F400C85391 /* ShowtimesView.swift */,
				6B6D4DF9286C37C300C85391 /* ActorsList */,
				6B6D4DFA286C37CB00C85391 /* Cells */,
			);
			path = DetailContainer;
			sourceTree = "<group>";
		};
		6B6D4DF9286C37C300C85391 /* ActorsList */ = {
			isa = PBXGroup;
			children = (
				6B6D4E0D286C381800C85391 /* ActorDetailsViewController.swift */,
				6B6D4E0C286C381800C85391 /* ActorInfoCell.swift */,
				6B6D4E10286C381800C85391 /* ActorListViewController.swift */,
				6B6D4E0F286C381800C85391 /* ActorTableViewCell.swift */,
				6B6D4E0E286C381800C85391 /* FilmographyCell.swift */,
				6B6D4E0A286C381800C85391 /* PhotosViewController.swift */,
				6B6D4DFB286C37DB00C85391 /* Animator */,
			);
			path = ActorsList;
			sourceTree = "<group>";
		};
		6B6D4DFA286C37CB00C85391 /* Cells */ = {
			isa = PBXGroup;
			children = (
				6B6D4E23286C384100C85391 /* ActorCell.swift */,
				6B6D4E24286C384100C85391 /* CalendarItemCollectionViewCell.swift */,
				6B6D4E27286C384100C85391 /* MovieSheduleCell.swift */,
				6B6D4E22286C384100C85391 /* PhotoCell.swift */,
				6B6D4E29286C384100C85391 /* SheduleCollectionViewCell.swift */,
				6B6D4E26286C384100C85391 /* TrailerCell.swift */,
			);
			path = Cells;
			sourceTree = "<group>";
		};
		6B6D4DFB286C37DB00C85391 /* Animator */ = {
			isa = PBXGroup;
			children = (
				6B6D4E1A286C382100C85391 /* DismissHandler.swift */,
				6B6D4E19286C382100C85391 /* MovieAnimator.swift */,
				6B6D4E18286C382100C85391 /* MovieDetailsProtocol.swift */,
			);
			path = Animator;
			sourceTree = "<group>";
		};
		6B6D4E36286C387800C85391 /* Transition */ = {
			isa = PBXGroup;
			children = (
				6B6D4E3A286C389400C85391 /* CardPresentationController.swift */,
				6B6D4E38286C389400C85391 /* CardTransition.swift */,
				6B6D4E3E286C389400C85391 /* DismissCardAnimator.swift */,
				6B6D4E3C286C389400C85391 /* NibLoadable.swift */,
				6B6D4E3B286C389400C85391 /* PresentCardAnimator.swift */,
				6B6D4E39286C389400C85391 /* TransitionConstants.swift */,
				6B6D4E3D286C389400C85391 /* UIView+AutoLayout.swift */,
			);
			path = Transition;
			sourceTree = "<group>";
		};
		6B6D4E37286C388400C85391 /* Views */ = {
			isa = PBXGroup;
			children = (
				6B6D4E46286C389E00C85391 /* CardContentView.swift */,
			);
			path = Views;
			sourceTree = "<group>";
		};
		6B6D4E4E286C3D3F00C85391 /* Extensions */ = {
			isa = PBXGroup;
			children = (
				6B6D4E50286C3D6200C85391 /* UIColor+Bundle.swift */,
				6B6D4E65286C511B00C85391 /* UIImage+blur.swift */,
				6B6D4E4F286C3D6200C85391 /* UIImage+Bundle.swift */,
				6B241245286D833E00C94606 /* Bundle+Helper.swift */,
			);
			path = Extensions;
			sourceTree = "<group>";
		};
		6B6D4E61286C3EFC00C85391 /* Fonts */ = {
			isa = PBXGroup;
			children = (
				6B6D4E5B286C3EF600C85391 /* Poppins-Bold.ttf */,
				6B6D4E57286C3EF600C85391 /* Poppins-Light.ttf */,
				6B6D4E5A286C3EF600C85391 /* Poppins-Medium.ttf */,
				6B6D4E59286C3EF600C85391 /* Poppins-Regular.ttf */,
				6B6D4E58286C3EF600C85391 /* Poppins-SemiBold.ttf */,
			);
			path = Fonts;
			sourceTree = "<group>";
		};
		6B6D4E62286C43FB00C85391 /* Controls */ = {
			isa = PBXGroup;
			children = (
				6B6D4E63286C440400C85391 /* StateAlphaButton.swift */,
			);
			path = Controls;
			sourceTree = "<group>";
		};
		EC6A5D4B9C88F7395502EB1C /* Pods */ = {
			isa = PBXGroup;
			children = (
				387E0527BEF1E1C253037C55 /* Pods-MovieList.debug.xcconfig */,
				955055084E9B84320634BF5F /* Pods-MovieList.release.xcconfig */,
			);
			path = Pods;
			sourceTree = "<group>";
		};
/* End PBXGroup section */

/* Begin PBXNativeTarget section */
		6B6D4DC3286C354100C85391 /* MovieList */ = {
			isa = PBXNativeTarget;
			buildConfigurationList = 6B6D4DD8286C354200C85391 /* Build configuration list for PBXNativeTarget "MovieList" */;
			buildPhases = (
				19B55DB59A0A988A425952ED /* [CP] Check Pods Manifest.lock */,
				6B6D4DC0286C354100C85391 /* Sources */,
				6B6D4DC1286C354100C85391 /* Frameworks */,
				6B6D4DC2286C354100C85391 /* Resources */,
				17779640C0C6BF2E6F013FCF /* [CP] Embed Pods Frameworks */,
			);
			buildRules = (
			);
			dependencies = (
			);
			name = MovieList;
			productName = MovieList;
			productReference = 6B6D4DC4286C354100C85391 /* MovieList.app */;
			productType = "com.apple.product-type.application";
		};
/* End PBXNativeTarget section */

/* Begin PBXProject section */
		6B6D4DBC286C354100C85391 /* Project object */ = {
			isa = PBXProject;
			attributes = {
				BuildIndependentTargetsInParallel = 1;
				LastSwiftUpdateCheck = 1340;
				LastUpgradeCheck = 1340;
				TargetAttributes = {
					6B6D4DC3286C354100C85391 = {
						CreatedOnToolsVersion = 13.4;
					};
				};
			};
			buildConfigurationList = 6B6D4DBF286C354100C85391 /* Build configuration list for PBXProject "MovieList" */;
			compatibilityVersion = "Xcode 13.0";
			developmentRegion = en;
			hasScannedForEncodings = 0;
			knownRegions = (
				en,
				Base,
			);
			mainGroup = 6B6D4DBB286C354100C85391;
			productRefGroup = 6B6D4DC5286C354100C85391 /* Products */;
			projectDirPath = "";
			projectRoot = "";
			targets = (
				6B6D4DC3286C354100C85391 /* MovieList */,
			);
		};
/* End PBXProject section */

/* Begin PBXResourcesBuildPhase section */
		6B6D4DC2286C354100C85391 /* Resources */ = {
			isa = PBXResourcesBuildPhase;
			buildActionMask = 2147483647;
			files = (
				6B6D4E4D286C3BD300C85391 /* CinemaAssets.xcassets in Resources */,
				6B6D4E5C286C3EF600C85391 /* Poppins-Light.ttf in Resources */,
				6B6D4DE7286C36E400C85391 /* MoviesListHeaderView.xib in Resources */,
				6B241248286D908C00C94606 /* ActorTableViewCell.xib in Resources */,
				6B6D4E09286C37F400C85391 /* DetailsView.xib in Resources */,
				6B6D4E34286C384100C85391 /* MovieSheduleCell.xib in Resources */,
				6B24124C286D946200C94606 /* FilmographyCell.xib in Resources */,
				6B6D4E5D286C3EF600C85391 /* Poppins-SemiBold.ttf in Resources */,
				6B24124E286DA49200C94606 /* MovieDetailsViewController.xib in Resources */,
				6B6D4E6A286C5BC700C85391 /* MoviesListCell.xib in Resources */,
				6B6D4E2B286C384100C85391 /* CalendarItemCollectionViewCell.xib in Resources */,
				6B6D4E60286C3EF600C85391 /* Poppins-Bold.ttf in Resources */,
				6B6D4E49286C389E00C85391 /* CardContentView.xib in Resources */,
				6B24124A286D942100C94606 /* InfoCell.xib in Resources */,
				6B6D4DD4286C354200C85391 /* LaunchScreen.storyboard in Resources */,
				6B6D4E12286C381800C85391 /* Actors.storyboard in Resources */,
				6B241252286DB80700C94606 /* ActorListViewController.xib in Resources */,
				6B6D4E2A286C384100C85391 /* PhotoCell.xib in Resources */,
				6B241254286DB9FE00C94606 /* ActorDetailsViewController.xib in Resources */,
				6B6D4E05286C37F400C85391 /* ShowtimesView.xib in Resources */,
				6B241250286DA93200C94606 /* PhotosViewController.xib in Resources */,
				6B6D4E31286C384100C85391 /* SheduleCollectionViewCell.xib in Resources */,
				6B6D4E2C286C384100C85391 /* ActorCell.xib in Resources */,
				6B6D4DD1286C354200C85391 /* Assets.xcassets in Resources */,
				6B6D4E5F286C3EF600C85391 /* Poppins-Medium.ttf in Resources */,
				6B6D4E2D286C384100C85391 /* TrailerCell.xib in Resources */,
				6B6D4DF0286C36F100C85391 /* MoviesListHeaderCell.xib in Resources */,
				6B6D4DEB286C36E400C85391 /* Movies.storyboard in Resources */,
				6B6D4E5E286C3EF600C85391 /* Poppins-Regular.ttf in Resources */,
			);
			runOnlyForDeploymentPostprocessing = 0;
		};
/* End PBXResourcesBuildPhase section */

/* Begin PBXShellScriptBuildPhase section */
		17779640C0C6BF2E6F013FCF /* [CP] Embed Pods Frameworks */ = {
			isa = PBXShellScriptBuildPhase;
			buildActionMask = 2147483647;
			files = (
			);
			inputFileListPaths = (
				"${PODS_ROOT}/Target Support Files/Pods-MovieList/Pods-MovieList-frameworks-${CONFIGURATION}-input-files.xcfilelist",
			);
			name = "[CP] Embed Pods Frameworks";
			outputFileListPaths = (
				"${PODS_ROOT}/Target Support Files/Pods-MovieList/Pods-MovieList-frameworks-${CONFIGURATION}-output-files.xcfilelist",
			);
			runOnlyForDeploymentPostprocessing = 0;
			shellPath = /bin/sh;
			shellScript = "\"${PODS_ROOT}/Target Support Files/Pods-MovieList/Pods-MovieList-frameworks.sh\"\n";
			showEnvVarsInLog = 0;
		};
		19B55DB59A0A988A425952ED /* [CP] Check Pods Manifest.lock */ = {
			isa = PBXShellScriptBuildPhase;
			buildActionMask = 2147483647;
			files = (
			);
			inputFileListPaths = (
			);
			inputPaths = (
				"${PODS_PODFILE_DIR_PATH}/Podfile.lock",
				"${PODS_ROOT}/Manifest.lock",
			);
			name = "[CP] Check Pods Manifest.lock";
			outputFileListPaths = (
			);
			outputPaths = (
				"$(DERIVED_FILE_DIR)/Pods-MovieList-checkManifestLockResult.txt",
			);
			runOnlyForDeploymentPostprocessing = 0;
			shellPath = /bin/sh;
			shellScript = "diff \"${PODS_PODFILE_DIR_PATH}/Podfile.lock\" \"${PODS_ROOT}/Manifest.lock\" > /dev/null\nif [ $? != 0 ] ; then\n    # print error to STDERR\n    echo \"error: The sandbox is not in sync with the Podfile.lock. Run 'pod install' or update your CocoaPods installation.\" >&2\n    exit 1\nfi\n# This output is used by Xcode 'outputs' to avoid re-running this script phase.\necho \"SUCCESS\" > \"${SCRIPT_OUTPUT_FILE_0}\"\n";
			showEnvVarsInLog = 0;
		};
/* End PBXShellScriptBuildPhase section */

/* Begin PBXSourcesBuildPhase section */
		6B6D4DC0286C354100C85391 /* Sources */ = {
			isa = PBXSourcesBuildPhase;
			buildActionMask = 2147483647;
			files = (
				6B6D4E68286C591700C85391 /* UnwrapResource.swift in Sources */,
				6B6D4DF7286C37AA00C85391 /* MovieDetailsViewController.swift in Sources */,
				6B6D4E44286C389400C85391 /* UIView+AutoLayout.swift in Sources */,
				6B6D4E66286C511B00C85391 /* UIImage+blur.swift in Sources */,
				6B6D4E2E286C384100C85391 /* PhotoCell.swift in Sources */,
				6B6D4E30286C384100C85391 /* CalendarItemCollectionViewCell.swift in Sources */,
				6B6D4E1D286C382100C85391 /* DismissHandler.swift in Sources */,
				6B6D4E11286C381800C85391 /* PhotosViewController.swift in Sources */,
				6B6D4E48286C389E00C85391 /* CardContentView.swift in Sources */,
				6B6D4E03286C37F400C85391 /* ShowtimesView.swift in Sources */,
				6B6D4E16286C381800C85391 /* ActorTableViewCell.swift in Sources */,
				6B6D4E51286C3D6200C85391 /* UIImage+Bundle.swift in Sources */,
				6B6D4E32286C384100C85391 /* TrailerCell.swift in Sources */,
				6B6D4E04286C37F400C85391 /* MovieShowtimesContainer.swift in Sources */,
				6B6D4E41286C389400C85391 /* CardPresentationController.swift in Sources */,
				6B6D4DE9286C36E400C85391 /* MovieList.swift in Sources */,
				6B6D4DE6286C36E400C85391 /* MoviesListHeaderView.swift in Sources */,
				6B6D4E1B286C382100C85391 /* MovieDetailsProtocol.swift in Sources */,
				6B6D4DCC286C354100C85391 /* ViewController.swift in Sources */,
				6B6D4E1C286C382100C85391 /* MovieAnimator.swift in Sources */,
				6B6D4E06286C37F400C85391 /* DetailsView.swift in Sources */,
				6B6D4DE8286C36E400C85391 /* MoviesListViewController.swift in Sources */,
				6B6D4E13286C381800C85391 /* ActorInfoCell.swift in Sources */,
				6B6D4E07286C37F400C85391 /* ContentModeSelectButton.swift in Sources */,
				6B6D4E33286C384100C85391 /* MovieSheduleCell.swift in Sources */,
				6B6D4E42286C389400C85391 /* PresentCardAnimator.swift in Sources */,
				6B6D4E56286C3DD600C85391 /* CinemaStyleSheet.swift in Sources */,
				6B6D4E54286C3D7600C85391 /* FontsLoader.swift in Sources */,
				6B6D4DF1286C36F100C85391 /* MoviesListCell.swift in Sources */,
				6B6D4E52286C3D6200C85391 /* UIColor+Bundle.swift in Sources */,
				6B6D4E17286C381800C85391 /* ActorListViewController.swift in Sources */,
				6B6D4E43286C389400C85391 /* NibLoadable.swift in Sources */,
				6B6D4DC8286C354100C85391 /* AppDelegate.swift in Sources */,
				6B6D4E2F286C384100C85391 /* ActorCell.swift in Sources */,
				6B6D4E15286C381800C85391 /* FilmographyCell.swift in Sources */,
				6B6D4DEF286C36F100C85391 /* MoviesListHeaderCell.swift in Sources */,
				6B6D4E35286C384100C85391 /* SheduleCollectionViewCell.swift in Sources */,
				6B6D4DCA286C354100C85391 /* SceneDelegate.swift in Sources */,
				6B6D4E64286C440400C85391 /* StateAlphaButton.swift in Sources */,
				6B241246286D833E00C94606 /* Bundle+Helper.swift in Sources */,
				6B6D4DEA286C36E400C85391 /* MoviesListCollectionViewHeader.swift in Sources */,
				6B6D4E40286C389400C85391 /* TransitionConstants.swift in Sources */,
				6B6D4E14286C381800C85391 /* ActorDetailsViewController.swift in Sources */,
				6B6D4E45286C389400C85391 /* DismissCardAnimator.swift in Sources */,
				6B6D4E3F286C389400C85391 /* CardTransition.swift in Sources */,
				6B6D4E08286C37F400C85391 /* MovieDetailsContainer.swift in Sources */,
			);
			runOnlyForDeploymentPostprocessing = 0;
		};
/* End PBXSourcesBuildPhase section */

/* Begin PBXVariantGroup section */
		6B6D4DD2286C354200C85391 /* LaunchScreen.storyboard */ = {
			isa = PBXVariantGroup;
			children = (
				6B6D4DD3286C354200C85391 /* Base */,
			);
			name = LaunchScreen.storyboard;
			sourceTree = "<group>";
		};
/* End PBXVariantGroup section */

/* Begin XCBuildConfiguration section */
		6B6D4DD6286C354200C85391 /* Debug */ = {
			isa = XCBuildConfiguration;
			buildSettings = {
				ALWAYS_SEARCH_USER_PATHS = NO;
				CLANG_ANALYZER_NONNULL = YES;
				CLANG_ANALYZER_NUMBER_OBJECT_CONVERSION = YES_AGGRESSIVE;
				CLANG_CXX_LANGUAGE_STANDARD = "gnu++17";
				CLANG_ENABLE_MODULES = YES;
				CLANG_ENABLE_OBJC_ARC = YES;
				CLANG_ENABLE_OBJC_WEAK = YES;
				CLANG_WARN_BLOCK_CAPTURE_AUTORELEASING = YES;
				CLANG_WARN_BOOL_CONVERSION = YES;
				CLANG_WARN_COMMA = YES;
				CLANG_WARN_CONSTANT_CONVERSION = YES;
				CLANG_WARN_DEPRECATED_OBJC_IMPLEMENTATIONS = YES;
				CLANG_WARN_DIRECT_OBJC_ISA_USAGE = YES_ERROR;
				CLANG_WARN_DOCUMENTATION_COMMENTS = YES;
				CLANG_WARN_EMPTY_BODY = YES;
				CLANG_WARN_ENUM_CONVERSION = YES;
				CLANG_WARN_INFINITE_RECURSION = YES;
				CLANG_WARN_INT_CONVERSION = YES;
				CLANG_WARN_NON_LITERAL_NULL_CONVERSION = YES;
				CLANG_WARN_OBJC_IMPLICIT_RETAIN_SELF = YES;
				CLANG_WARN_OBJC_LITERAL_CONVERSION = YES;
				CLANG_WARN_OBJC_ROOT_CLASS = YES_ERROR;
				CLANG_WARN_QUOTED_INCLUDE_IN_FRAMEWORK_HEADER = YES;
				CLANG_WARN_RANGE_LOOP_ANALYSIS = YES;
				CLANG_WARN_STRICT_PROTOTYPES = YES;
				CLANG_WARN_SUSPICIOUS_MOVE = YES;
				CLANG_WARN_UNGUARDED_AVAILABILITY = YES_AGGRESSIVE;
				CLANG_WARN_UNREACHABLE_CODE = YES;
				CLANG_WARN__DUPLICATE_METHOD_MATCH = YES;
				COPY_PHASE_STRIP = NO;
				DEBUG_INFORMATION_FORMAT = dwarf;
				ENABLE_STRICT_OBJC_MSGSEND = YES;
				ENABLE_TESTABILITY = YES;
				GCC_C_LANGUAGE_STANDARD = gnu11;
				GCC_DYNAMIC_NO_PIC = NO;
				GCC_NO_COMMON_BLOCKS = YES;
				GCC_OPTIMIZATION_LEVEL = 0;
				GCC_PREPROCESSOR_DEFINITIONS = (
					"DEBUG=1",
					"$(inherited)",
				);
				GCC_WARN_64_TO_32_BIT_CONVERSION = YES;
				GCC_WARN_ABOUT_RETURN_TYPE = YES_ERROR;
				GCC_WARN_UNDECLARED_SELECTOR = YES;
				GCC_WARN_UNINITIALIZED_AUTOS = YES_AGGRESSIVE;
				GCC_WARN_UNUSED_FUNCTION = YES;
				GCC_WARN_UNUSED_VARIABLE = YES;
				IPHONEOS_DEPLOYMENT_TARGET = 15.5;
				MTL_ENABLE_DEBUG_INFO = INCLUDE_SOURCE;
				MTL_FAST_MATH = YES;
				ONLY_ACTIVE_ARCH = YES;
				SDKROOT = iphoneos;
				SWIFT_ACTIVE_COMPILATION_CONDITIONS = DEBUG;
				SWIFT_OPTIMIZATION_LEVEL = "-Onone";
			};
			name = Debug;
		};
		6B6D4DD7286C354200C85391 /* Release */ = {
			isa = XCBuildConfiguration;
			buildSettings = {
				ALWAYS_SEARCH_USER_PATHS = NO;
				CLANG_ANALYZER_NONNULL = YES;
				CLANG_ANALYZER_NUMBER_OBJECT_CONVERSION = YES_AGGRESSIVE;
				CLANG_CXX_LANGUAGE_STANDARD = "gnu++17";
				CLANG_ENABLE_MODULES = YES;
				CLANG_ENABLE_OBJC_ARC = YES;
				CLANG_ENABLE_OBJC_WEAK = YES;
				CLANG_WARN_BLOCK_CAPTURE_AUTORELEASING = YES;
				CLANG_WARN_BOOL_CONVERSION = YES;
				CLANG_WARN_COMMA = YES;
				CLANG_WARN_CONSTANT_CONVERSION = YES;
				CLANG_WARN_DEPRECATED_OBJC_IMPLEMENTATIONS = YES;
				CLANG_WARN_DIRECT_OBJC_ISA_USAGE = YES_ERROR;
				CLANG_WARN_DOCUMENTATION_COMMENTS = YES;
				CLANG_WARN_EMPTY_BODY = YES;
				CLANG_WARN_ENUM_CONVERSION = YES;
				CLANG_WARN_INFINITE_RECURSION = YES;
				CLANG_WARN_INT_CONVERSION = YES;
				CLANG_WARN_NON_LITERAL_NULL_CONVERSION = YES;
				CLANG_WARN_OBJC_IMPLICIT_RETAIN_SELF = YES;
				CLANG_WARN_OBJC_LITERAL_CONVERSION = YES;
				CLANG_WARN_OBJC_ROOT_CLASS = YES_ERROR;
				CLANG_WARN_QUOTED_INCLUDE_IN_FRAMEWORK_HEADER = YES;
				CLANG_WARN_RANGE_LOOP_ANALYSIS = YES;
				CLANG_WARN_STRICT_PROTOTYPES = YES;
				CLANG_WARN_SUSPICIOUS_MOVE = YES;
				CLANG_WARN_UNGUARDED_AVAILABILITY = YES_AGGRESSIVE;
				CLANG_WARN_UNREACHABLE_CODE = YES;
				CLANG_WARN__DUPLICATE_METHOD_MATCH = YES;
				COPY_PHASE_STRIP = NO;
				DEBUG_INFORMATION_FORMAT = "dwarf-with-dsym";
				ENABLE_NS_ASSERTIONS = NO;
				ENABLE_STRICT_OBJC_MSGSEND = YES;
				GCC_C_LANGUAGE_STANDARD = gnu11;
				GCC_NO_COMMON_BLOCKS = YES;
				GCC_WARN_64_TO_32_BIT_CONVERSION = YES;
				GCC_WARN_ABOUT_RETURN_TYPE = YES_ERROR;
				GCC_WARN_UNDECLARED_SELECTOR = YES;
				GCC_WARN_UNINITIALIZED_AUTOS = YES_AGGRESSIVE;
				GCC_WARN_UNUSED_FUNCTION = YES;
				GCC_WARN_UNUSED_VARIABLE = YES;
				IPHONEOS_DEPLOYMENT_TARGET = 15.5;
				MTL_ENABLE_DEBUG_INFO = NO;
				MTL_FAST_MATH = YES;
				SDKROOT = iphoneos;
				SWIFT_COMPILATION_MODE = wholemodule;
				SWIFT_OPTIMIZATION_LEVEL = "-O";
				VALIDATE_PRODUCT = YES;
			};
			name = Release;
		};
		6B6D4DD9286C354200C85391 /* Debug */ = {
			isa = XCBuildConfiguration;
			baseConfigurationReference = 387E0527BEF1E1C253037C55 /* Pods-MovieList.debug.xcconfig */;
			buildSettings = {
				ASSETCATALOG_COMPILER_APPICON_NAME = AppIcon;
				ASSETCATALOG_COMPILER_GLOBAL_ACCENT_COLOR_NAME = AccentColor;
				CODE_SIGN_STYLE = Automatic;
				CURRENT_PROJECT_VERSION = 1;
				DEVELOPMENT_TEAM = MW2UF479VW;
				GENERATE_INFOPLIST_FILE = YES;
				INFOPLIST_FILE = MovieListDemo/Resources/Info.plist;
				INFOPLIST_KEY_UIApplicationSupportsIndirectInputEvents = YES;
				INFOPLIST_KEY_UILaunchStoryboardName = LaunchScreen;
				INFOPLIST_KEY_UIMainStoryboardFile = Movies;
				INFOPLIST_KEY_UISupportedInterfaceOrientations = UIInterfaceOrientationPortrait;
				INFOPLIST_KEY_UISupportedInterfaceOrientations_iPad = "UIInterfaceOrientationPortrait UIInterfaceOrientationPortraitUpsideDown UIInterfaceOrientationLandscapeLeft UIInterfaceOrientationLandscapeRight";
				INFOPLIST_KEY_UISupportedInterfaceOrientations_iPhone = "UIInterfaceOrientationPortrait UIInterfaceOrientationLandscapeLeft UIInterfaceOrientationLandscapeRight";
				IPHONEOS_DEPLOYMENT_TARGET = 13.0;
				LD_RUNPATH_SEARCH_PATHS = (
					"$(inherited)",
					"@executable_path/Frameworks",
				);
				MARKETING_VERSION = 1.0;
				PRODUCT_BUNDLE_IDENTIFIER = shakuro.MovieList;
				PRODUCT_NAME = "$(TARGET_NAME)";
				SWIFT_EMIT_LOC_STRINGS = YES;
				SWIFT_VERSION = 5.0;
				TARGETED_DEVICE_FAMILY = "1,2";
			};
			name = Debug;
		};
		6B6D4DDA286C354200C85391 /* Release */ = {
			isa = XCBuildConfiguration;
			baseConfigurationReference = 955055084E9B84320634BF5F /* Pods-MovieList.release.xcconfig */;
			buildSettings = {
				ASSETCATALOG_COMPILER_APPICON_NAME = AppIcon;
				ASSETCATALOG_COMPILER_GLOBAL_ACCENT_COLOR_NAME = AccentColor;
				CODE_SIGN_STYLE = Automatic;
				CURRENT_PROJECT_VERSION = 1;
				DEVELOPMENT_TEAM = MW2UF479VW;
				GENERATE_INFOPLIST_FILE = YES;
				INFOPLIST_FILE = MovieListDemo/Resources/Info.plist;
				INFOPLIST_KEY_UIApplicationSupportsIndirectInputEvents = YES;
				INFOPLIST_KEY_UILaunchStoryboardName = LaunchScreen;
				INFOPLIST_KEY_UIMainStoryboardFile = Movies;
				INFOPLIST_KEY_UISupportedInterfaceOrientations = UIInterfaceOrientationPortrait;
				INFOPLIST_KEY_UISupportedInterfaceOrientations_iPad = "UIInterfaceOrientationPortrait UIInterfaceOrientationPortraitUpsideDown UIInterfaceOrientationLandscapeLeft UIInterfaceOrientationLandscapeRight";
				INFOPLIST_KEY_UISupportedInterfaceOrientations_iPhone = "UIInterfaceOrientationPortrait UIInterfaceOrientationLandscapeLeft UIInterfaceOrientationLandscapeRight";
				IPHONEOS_DEPLOYMENT_TARGET = 13.0;
				LD_RUNPATH_SEARCH_PATHS = (
					"$(inherited)",
					"@executable_path/Frameworks",
				);
				MARKETING_VERSION = 1.0;
				PRODUCT_BUNDLE_IDENTIFIER = shakuro.MovieList;
				PRODUCT_NAME = "$(TARGET_NAME)";
				SWIFT_EMIT_LOC_STRINGS = YES;
				SWIFT_VERSION = 5.0;
				TARGETED_DEVICE_FAMILY = "1,2";
			};
			name = Release;
		};
/* End XCBuildConfiguration section */

/* Begin XCConfigurationList section */
		6B6D4DBF286C354100C85391 /* Build configuration list for PBXProject "MovieList" */ = {
			isa = XCConfigurationList;
			buildConfigurations = (
				6B6D4DD6286C354200C85391 /* Debug */,
				6B6D4DD7286C354200C85391 /* Release */,
			);
			defaultConfigurationIsVisible = 0;
			defaultConfigurationName = Release;
		};
		6B6D4DD8286C354200C85391 /* Build configuration list for PBXNativeTarget "MovieList" */ = {
			isa = XCConfigurationList;
			buildConfigurations = (
				6B6D4DD9286C354200C85391 /* Debug */,
				6B6D4DDA286C354200C85391 /* Release */,
			);
			defaultConfigurationIsVisible = 0;
			defaultConfigurationName = Release;
		};
/* End XCConfigurationList section */
	};
	rootObject = 6B6D4DBC286C354100C85391 /* Project object */;
}
